// !$*UTF8*$!
{
	archiveVersion = 1;
	classes = {
	};
	objectVersion = 55;
	objects = {

/* Begin PBXBuildFile section */
		18195BF9283F80E1002E6937 /* AppDelegate.swift in Sources */ = {isa = PBXBuildFile; fileRef = 18195BF8283F80E1002E6937 /* AppDelegate.swift */; };
		18195BFB283F80E1002E6937 /* SceneDelegate.swift in Sources */ = {isa = PBXBuildFile; fileRef = 18195BFA283F80E1002E6937 /* SceneDelegate.swift */; };
		18195BFD283F80E1002E6937 /* ViewController.swift in Sources */ = {isa = PBXBuildFile; fileRef = 18195BFC283F80E1002E6937 /* ViewController.swift */; };
		18195C00283F80E1002E6937 /* Main.storyboard in Resources */ = {isa = PBXBuildFile; fileRef = 18195BFE283F80E1002E6937 /* Main.storyboard */; };
		18195C03283F80E1002E6937 /* testRB.xcdatamodeld in Sources */ = {isa = PBXBuildFile; fileRef = 18195C01283F80E1002E6937 /* testRB.xcdatamodeld */; };
		18195C05283F80E3002E6937 /* Assets.xcassets in Resources */ = {isa = PBXBuildFile; fileRef = 18195C04283F80E3002E6937 /* Assets.xcassets */; };
		18195C08283F80E3002E6937 /* LaunchScreen.storyboard in Resources */ = {isa = PBXBuildFile; fileRef = 18195C06283F80E3002E6937 /* LaunchScreen.storyboard */; };
		18195C11283F8126002E6937 /* SecondTableViewCell.swift in Sources */ = {isa = PBXBuildFile; fileRef = 18195C0F283F8126002E6937 /* SecondTableViewCell.swift */; };
		18195C12283F8126002E6937 /* SecondTableViewCell.xib in Resources */ = {isa = PBXBuildFile; fileRef = 18195C10283F8126002E6937 /* SecondTableViewCell.xib */; };
		18195C17283FCA4B002E6937 /* WinLossTableViewCell.swift in Sources */ = {isa = PBXBuildFile; fileRef = 18195C15283FCA4B002E6937 /* WinLossTableViewCell.swift */; };
		18195C18283FCA4B002E6937 /* WinLossTableViewCell.xib in Resources */ = {isa = PBXBuildFile; fileRef = 18195C16283FCA4B002E6937 /* WinLossTableViewCell.xib */; };
		18195C1A283FD1EE002E6937 /* Bookmaker.swift in Sources */ = {isa = PBXBuildFile; fileRef = 18195C19283FD1EE002E6937 /* Bookmaker.swift */; };
		18195C1C283FD386002E6937 /* ModelBookmakers.swift in Sources */ = {isa = PBXBuildFile; fileRef = 18195C1B283FD386002E6937 /* ModelBookmakers.swift */; };
		18195C21283FE4AA002E6937 /* BestOddsTableViewCell.swift in Sources */ = {isa = PBXBuildFile; fileRef = 18195C1F283FE4AA002E6937 /* BestOddsTableViewCell.swift */; };
		18195C22283FE4AA002E6937 /* BestOddsTableViewCell.xib in Resources */ = {isa = PBXBuildFile; fileRef = 18195C20283FE4AA002E6937 /* BestOddsTableViewCell.xib */; };
/* End PBXBuildFile section */

/* Begin PBXFileReference section */
		18195BF5283F80E1002E6937 /* testRB.app */ = {isa = PBXFileReference; explicitFileType = wrapper.application; includeInIndex = 0; path = testRB.app; sourceTree = BUILT_PRODUCTS_DIR; };
		18195BF8283F80E1002E6937 /* AppDelegate.swift */ = {isa = PBXFileReference; lastKnownFileType = sourcecode.swift; path = AppDelegate.swift; sourceTree = "<group>"; };
		18195BFA283F80E1002E6937 /* SceneDelegate.swift */ = {isa = PBXFileReference; lastKnownFileType = sourcecode.swift; path = SceneDelegate.swift; sourceTree = "<group>"; };
		18195BFC283F80E1002E6937 /* ViewController.swift */ = {isa = PBXFileReference; lastKnownFileType = sourcecode.swift; path = ViewController.swift; sourceTree = "<group>"; };
		18195BFF283F80E1002E6937 /* Base */ = {isa = PBXFileReference; lastKnownFileType = file.storyboard; name = Base; path = Base.lproj/Main.storyboard; sourceTree = "<group>"; };
		18195C02283F80E1002E6937 /* testRB.xcdatamodel */ = {isa = PBXFileReference; lastKnownFileType = wrapper.xcdatamodel; path = testRB.xcdatamodel; sourceTree = "<group>"; };
		18195C04283F80E3002E6937 /* Assets.xcassets */ = {isa = PBXFileReference; lastKnownFileType = folder.assetcatalog; path = Assets.xcassets; sourceTree = "<group>"; };
		18195C07283F80E3002E6937 /* Base */ = {isa = PBXFileReference; lastKnownFileType = file.storyboard; name = Base; path = Base.lproj/LaunchScreen.storyboard; sourceTree = "<group>"; };
		18195C09283F80E3002E6937 /* Info.plist */ = {isa = PBXFileReference; lastKnownFileType = text.plist.xml; path = Info.plist; sourceTree = "<group>"; };
		18195C0F283F8126002E6937 /* SecondTableViewCell.swift */ = {isa = PBXFileReference; lastKnownFileType = sourcecode.swift; path = SecondTableViewCell.swift; sourceTree = "<group>"; };
		18195C10283F8126002E6937 /* SecondTableViewCell.xib */ = {isa = PBXFileReference; lastKnownFileType = file.xib; path = SecondTableViewCell.xib; sourceTree = "<group>"; };
		18195C15283FCA4B002E6937 /* WinLossTableViewCell.swift */ = {isa = PBXFileReference; lastKnownFileType = sourcecode.swift; path = WinLossTableViewCell.swift; sourceTree = "<group>"; };
		18195C16283FCA4B002E6937 /* WinLossTableViewCell.xib */ = {isa = PBXFileReference; lastKnownFileType = file.xib; path = WinLossTableViewCell.xib; sourceTree = "<group>"; };
		18195C19283FD1EE002E6937 /* Bookmaker.swift */ = {isa = PBXFileReference; lastKnownFileType = sourcecode.swift; path = Bookmaker.swift; sourceTree = "<group>"; };
		18195C1B283FD386002E6937 /* ModelBookmakers.swift */ = {isa = PBXFileReference; lastKnownFileType = sourcecode.swift; path = ModelBookmakers.swift; sourceTree = "<group>"; };
		18195C1F283FE4AA002E6937 /* BestOddsTableViewCell.swift */ = {isa = PBXFileReference; lastKnownFileType = sourcecode.swift; path = BestOddsTableViewCell.swift; sourceTree = "<group>"; };
		18195C20283FE4AA002E6937 /* BestOddsTableViewCell.xib */ = {isa = PBXFileReference; lastKnownFileType = file.xib; path = BestOddsTableViewCell.xib; sourceTree = "<group>"; };
/* End PBXFileReference section */

/* Begin PBXFrameworksBuildPhase section */
		18195BF2283F80E1002E6937 /* Frameworks */ = {
			isa = PBXFrameworksBuildPhase;
			buildActionMask = 2147483647;
			files = (
			);
			runOnlyForDeploymentPostprocessing = 0;
		};
/* End PBXFrameworksBuildPhase section */

/* Begin PBXGroup section */
		18195BEC283F80E1002E6937 = {
			isa = PBXGroup;
			children = (
				18195BF7283F80E1002E6937 /* testRB */,
				18195BF6283F80E1002E6937 /* Products */,
			);
			sourceTree = "<group>";
		};
		18195BF6283F80E1002E6937 /* Products */ = {
			isa = PBXGroup;
			children = (
				18195BF5283F80E1002E6937 /* testRB.app */,
			);
			name = Products;
			sourceTree = "<group>";
		};
		18195BF7283F80E1002E6937 /* testRB */ = {
			isa = PBXGroup;
			children = (
				18195BF8283F80E1002E6937 /* AppDelegate.swift */,
				18195BFA283F80E1002E6937 /* SceneDelegate.swift */,
				18195BFC283F80E1002E6937 /* ViewController.swift */,
				18195C23284005C9002E6937 /* Model */,
				18195C1E283FE423002E6937 /* Cells */,
				18195BFE283F80E1002E6937 /* Main.storyboard */,
				18195C04283F80E3002E6937 /* Assets.xcassets */,
				18195C06283F80E3002E6937 /* LaunchScreen.storyboard */,
				18195C09283F80E3002E6937 /* Info.plist */,
				18195C01283F80E1002E6937 /* testRB.xcdatamodeld */,
			);
			path = testRB;
			sourceTree = "<group>";
		};
		18195C1E283FE423002E6937 /* Cells */ = {
			isa = PBXGroup;
			children = (
				18195C1F283FE4AA002E6937 /* BestOddsTableViewCell.swift */,
				18195C20283FE4AA002E6937 /* BestOddsTableViewCell.xib */,
				18195C15283FCA4B002E6937 /* WinLossTableViewCell.swift */,
				18195C16283FCA4B002E6937 /* WinLossTableViewCell.xib */,
				18195C0F283F8126002E6937 /* SecondTableViewCell.swift */,
				18195C10283F8126002E6937 /* SecondTableViewCell.xib */,
			);
			path = Cells;
			sourceTree = "<group>";
		};
		18195C23284005C9002E6937 /* Model */ = {
			isa = PBXGroup;
			children = (
				18195C19283FD1EE002E6937 /* Bookmaker.swift */,
				18195C1B283FD386002E6937 /* ModelBookmakers.swift */,
			);
			path = Model;
			sourceTree = "<group>";
		};
/* End PBXGroup section */

/* Begin PBXNativeTarget section */
		18195BF4283F80E1002E6937 /* testRB */ = {
			isa = PBXNativeTarget;
			buildConfigurationList = 18195C0C283F80E3002E6937 /* Build configuration list for PBXNativeTarget "testRB" */;
			buildPhases = (
				18195BF1283F80E1002E6937 /* Sources */,
				18195BF2283F80E1002E6937 /* Frameworks */,
				18195BF3283F80E1002E6937 /* Resources */,
			);
			buildRules = (
			);
			dependencies = (
			);
			name = testRB;
			productName = testRB;
			productReference = 18195BF5283F80E1002E6937 /* testRB.app */;
			productType = "com.apple.product-type.application";
		};
/* End PBXNativeTarget section */

/* Begin PBXProject section */
		18195BED283F80E1002E6937 /* Project object */ = {
			isa = PBXProject;
			attributes = {
				BuildIndependentTargetsInParallel = 1;
				LastSwiftUpdateCheck = 1340;
				LastUpgradeCheck = 1340;
				TargetAttributes = {
					18195BF4283F80E1002E6937 = {
						CreatedOnToolsVersion = 13.4;
					};
				};
			};
			buildConfigurationList = 18195BF0283F80E1002E6937 /* Build configuration list for PBXProject "testRB" */;
			compatibilityVersion = "Xcode 13.0";
			developmentRegion = en;
			hasScannedForEncodings = 0;
			knownRegions = (
				en,
				Base,
			);
			mainGroup = 18195BEC283F80E1002E6937;
			productRefGroup = 18195BF6283F80E1002E6937 /* Products */;
			projectDirPath = "";
			projectRoot = "";
			targets = (
				18195BF4283F80E1002E6937 /* testRB */,
			);
		};
/* End PBXProject section */

/* Begin PBXResourcesBuildPhase section */
		18195BF3283F80E1002E6937 /* Resources */ = {
			isa = PBXResourcesBuildPhase;
			buildActionMask = 2147483647;
			files = (
				18195C08283F80E3002E6937 /* LaunchScreen.storyboard in Resources */,
				18195C05283F80E3002E6937 /* Assets.xcassets in Resources */,
				18195C00283F80E1002E6937 /* Main.storyboard in Resources */,
				18195C18283FCA4B002E6937 /* WinLossTableViewCell.xib in Resources */,
				18195C12283F8126002E6937 /* SecondTableViewCell.xib in Resources */,
				18195C22283FE4AA002E6937 /* BestOddsTableViewCell.xib in Resources */,
			);
			runOnlyForDeploymentPostprocessing = 0;
		};
/* End PBXResourcesBuildPhase section */

/* Begin PBXSourcesBuildPhase section */
		18195BF1283F80E1002E6937 /* Sources */ = {
			isa = PBXSourcesBuildPhase;
			buildActionMask = 2147483647;
			files = (
				18195C21283FE4AA002E6937 /* BestOddsTableViewCell.swift in Sources */,
				18195BFD283F80E1002E6937 /* ViewController.swift in Sources */,
				18195C11283F8126002E6937 /* SecondTableViewCell.swift in Sources */,
				18195BF9283F80E1002E6937 /* AppDelegate.swift in Sources */,
				18195C1A283FD1EE002E6937 /* Bookmaker.swift in Sources */,
				18195BFB283F80E1002E6937 /* SceneDelegate.swift in Sources */,
				18195C03283F80E1002E6937 /* testRB.xcdatamodeld in Sources */,
				18195C17283FCA4B002E6937 /* WinLossTableViewCell.swift in Sources */,
				18195C1C283FD386002E6937 /* ModelBookmakers.swift in Sources */,
			);
			runOnlyForDeploymentPostprocessing = 0;
		};
/* End PBXSourcesBuildPhase section */

/* Begin PBXVariantGroup section */
		18195BFE283F80E1002E6937 /* Main.storyboard */ = {
			isa = PBXVariantGroup;
			children = (
				18195BFF283F80E1002E6937 /* Base */,
			);
			name = Main.storyboard;
			sourceTree = "<group>";
		};
		18195C06283F80E3002E6937 /* LaunchScreen.storyboard */ = {
			isa = PBXVariantGroup;
			children = (
				18195C07283F80E3002E6937 /* Base */,
			);
			name = LaunchScreen.storyboard;
			sourceTree = "<group>";
		};
/* End PBXVariantGroup section */

/* Begin XCBuildConfiguration section */
		18195C0A283F80E3002E6937 /* Debug */ = {
			isa = XCBuildConfiguration;
			buildSettings = {
				ALWAYS_SEARCH_USER_PATHS = NO;
				CLANG_ANALYZER_NONNULL = YES;
				CLANG_ANALYZER_NUMBER_OBJECT_CONVERSION = YES_AGGRESSIVE;
				CLANG_CXX_LANGUAGE_STANDARD = "gnu++17";
				CLANG_ENABLE_MODULES = YES;
				CLANG_ENABLE_OBJC_ARC = YES;
				CLANG_ENABLE_OBJC_WEAK = YES;
				CLANG_WARN_BLOCK_CAPTURE_AUTORELEASING = YES;
				CLANG_WARN_BOOL_CONVERSION = YES;
				CLANG_WARN_COMMA = YES;
				CLANG_WARN_CONSTANT_CONVERSION = YES;
				CLANG_WARN_DEPRECATED_OBJC_IMPLEMENTATIONS = YES;
				CLANG_WARN_DIRECT_OBJC_ISA_USAGE = YES_ERROR;
				CLANG_WARN_DOCUMENTATION_COMMENTS = YES;
				CLANG_WARN_EMPTY_BODY = YES;
				CLANG_WARN_ENUM_CONVERSION = YES;
				CLANG_WARN_INFINITE_RECURSION = YES;
				CLANG_WARN_INT_CONVERSION = YES;
				CLANG_WARN_NON_LITERAL_NULL_CONVERSION = YES;
				CLANG_WARN_OBJC_IMPLICIT_RETAIN_SELF = YES;
				CLANG_WARN_OBJC_LITERAL_CONVERSION = YES;
				CLANG_WARN_OBJC_ROOT_CLASS = YES_ERROR;
				CLANG_WARN_QUOTED_INCLUDE_IN_FRAMEWORK_HEADER = YES;
				CLANG_WARN_RANGE_LOOP_ANALYSIS = YES;
				CLANG_WARN_STRICT_PROTOTYPES = YES;
				CLANG_WARN_SUSPICIOUS_MOVE = YES;
				CLANG_WARN_UNGUARDED_AVAILABILITY = YES_AGGRESSIVE;
				CLANG_WARN_UNREACHABLE_CODE = YES;
				CLANG_WARN__DUPLICATE_METHOD_MATCH = YES;
				COPY_PHASE_STRIP = NO;
				DEBUG_INFORMATION_FORMAT = dwarf;
				ENABLE_STRICT_OBJC_MSGSEND = YES;
				ENABLE_TESTABILITY = YES;
				GCC_C_LANGUAGE_STANDARD = gnu11;
				GCC_DYNAMIC_NO_PIC = NO;
				GCC_NO_COMMON_BLOCKS = YES;
				GCC_OPTIMIZATION_LEVEL = 0;
				GCC_PREPROCESSOR_DEFINITIONS = (
					"DEBUG=1",
					"$(inherited)",
				);
				GCC_WARN_64_TO_32_BIT_CONVERSION = YES;
				GCC_WARN_ABOUT_RETURN_TYPE = YES_ERROR;
				GCC_WARN_UNDECLARED_SELECTOR = YES;
				GCC_WARN_UNINITIALIZED_AUTOS = YES_AGGRESSIVE;
				GCC_WARN_UNUSED_FUNCTION = YES;
				GCC_WARN_UNUSED_VARIABLE = YES;
				IPHONEOS_DEPLOYMENT_TARGET = 15.5;
				MTL_ENABLE_DEBUG_INFO = INCLUDE_SOURCE;
				MTL_FAST_MATH = YES;
				ONLY_ACTIVE_ARCH = YES;
				SDKROOT = iphoneos;
				SWIFT_ACTIVE_COMPILATION_CONDITIONS = DEBUG;
				SWIFT_OPTIMIZATION_LEVEL = "-Onone";
			};
			name = Debug;
		};
		18195C0B283F80E3002E6937 /* Release */ = {
			isa = XCBuildConfiguration;
			buildSettings = {
				ALWAYS_SEARCH_USER_PATHS = NO;
				CLANG_ANALYZER_NONNULL = YES;
				CLANG_ANALYZER_NUMBER_OBJECT_CONVERSION = YES_AGGRESSIVE;
				CLANG_CXX_LANGUAGE_STANDARD = "gnu++17";
				CLANG_ENABLE_MODULES = YES;
				CLANG_ENABLE_OBJC_ARC = YES;
				CLANG_ENABLE_OBJC_WEAK = YES;
				CLANG_WARN_BLOCK_CAPTURE_AUTORELEASING = YES;
				CLANG_WARN_BOOL_CONVERSION = YES;
				CLANG_WARN_COMMA = YES;
				CLANG_WARN_CONSTANT_CONVERSION = YES;
				CLANG_WARN_DEPRECATED_OBJC_IMPLEMENTATIONS = YES;
				CLANG_WARN_DIRECT_OBJC_ISA_USAGE = YES_ERROR;
				CLANG_WARN_DOCUMENTATION_COMMENTS = YES;
				CLANG_WARN_EMPTY_BODY = YES;
				CLANG_WARN_ENUM_CONVERSION = YES;
				CLANG_WARN_INFINITE_RECURSION = YES;
				CLANG_WARN_INT_CONVERSION = YES;
				CLANG_WARN_NON_LITERAL_NULL_CONVERSION = YES;
				CLANG_WARN_OBJC_IMPLICIT_RETAIN_SELF = YES;
				CLANG_WARN_OBJC_LITERAL_CONVERSION = YES;
				CLANG_WARN_OBJC_ROOT_CLASS = YES_ERROR;
				CLANG_WARN_QUOTED_INCLUDE_IN_FRAMEWORK_HEADER = YES;
				CLANG_WARN_RANGE_LOOP_ANALYSIS = YES;
				CLANG_WARN_STRICT_PROTOTYPES = YES;
				CLANG_WARN_SUSPICIOUS_MOVE = YES;
				CLANG_WARN_UNGUARDED_AVAILABILITY = YES_AGGRESSIVE;
				CLANG_WARN_UNREACHABLE_CODE = YES;
				CLANG_WARN__DUPLICATE_METHOD_MATCH = YES;
				COPY_PHASE_STRIP = NO;
				DEBUG_INFORMATION_FORMAT = "dwarf-with-dsym";
				ENABLE_NS_ASSERTIONS = NO;
				ENABLE_STRICT_OBJC_MSGSEND = YES;
				GCC_C_LANGUAGE_STANDARD = gnu11;
				GCC_NO_COMMON_BLOCKS = YES;
				GCC_WARN_64_TO_32_BIT_CONVERSION = YES;
				GCC_WARN_ABOUT_RETURN_TYPE = YES_ERROR;
				GCC_WARN_UNDECLARED_SELECTOR = YES;
				GCC_WARN_UNINITIALIZED_AUTOS = YES_AGGRESSIVE;
				GCC_WARN_UNUSED_FUNCTION = YES;
				GCC_WARN_UNUSED_VARIABLE = YES;
				IPHONEOS_DEPLOYMENT_TARGET = 15.5;
				MTL_ENABLE_DEBUG_INFO = NO;
				MTL_FAST_MATH = YES;
				SDKROOT = iphoneos;
				SWIFT_COMPILATION_MODE = wholemodule;
				SWIFT_OPTIMIZATION_LEVEL = "-O";
				VALIDATE_PRODUCT = YES;
			};
			name = Release;
		};
		18195C0D283F80E3002E6937 /* Debug */ = {
			isa = XCBuildConfiguration;
			buildSettings = {
				ASSETCATALOG_COMPILER_APPICON_NAME = AppIcon;
				ASSETCATALOG_COMPILER_GLOBAL_ACCENT_COLOR_NAME = AccentColor;
				CODE_SIGN_STYLE = Automatic;
				CURRENT_PROJECT_VERSION = 1;
				DEVELOPMENT_TEAM = RRAQ4U897N;
				GENERATE_INFOPLIST_FILE = YES;
				INFOPLIST_FILE = testRB/Info.plist;
				INFOPLIST_KEY_UIApplicationSupportsIndirectInputEvents = YES;
				INFOPLIST_KEY_UILaunchStoryboardName = LaunchScreen;
				INFOPLIST_KEY_UIMainStoryboardFile = Main;
				INFOPLIST_KEY_UISupportedInterfaceOrientations_iPad = "UIInterfaceOrientationPortrait UIInterfaceOrientationPortraitUpsideDown UIInterfaceOrientationLandscapeLeft UIInterfaceOrientationLandscapeRight";
				INFOPLIST_KEY_UISupportedInterfaceOrientations_iPhone = "UIInterfaceOrientationPortrait UIInterfaceOrientationLandscapeLeft UIInterfaceOrientationLandscapeRight";
				LD_RUNPATH_SEARCH_PATHS = (
					"$(inherited)",
					"@executable_path/Frameworks",
				);
				MARKETING_VERSION = 1.0;
				PRODUCT_BUNDLE_IDENTIFIER = sd.testRB;
				PRODUCT_NAME = "$(TARGET_NAME)";
				SWIFT_EMIT_LOC_STRINGS = YES;
				SWIFT_VERSION = 5.0;
				TARGETED_DEVICE_FAMILY = "1,2";
			};
			name = Debug;
		};
		18195C0E283F80E3002E6937 /* Release */ = {
			isa = XCBuildConfiguration;
			buildSettings = {
				ASSETCATALOG_COMPILER_APPICON_NAME = AppIcon;
				ASSETCATALOG_COMPILER_GLOBAL_ACCENT_COLOR_NAME = AccentColor;
				CODE_SIGN_STYLE = Automatic;
				CURRENT_PROJECT_VERSION = 1;
				DEVELOPMENT_TEAM = RRAQ4U897N;
				GENERATE_INFOPLIST_FILE = YES;
				INFOPLIST_FILE = testRB/Info.plist;
				INFOPLIST_KEY_UIApplicationSupportsIndirectInputEvents = YES;
				INFOPLIST_KEY_UILaunchStoryboardName = LaunchScreen;
				INFOPLIST_KEY_UIMainStoryboardFile = Main;
				INFOPLIST_KEY_UISupportedInterfaceOrientations_iPad = "UIInterfaceOrientationPortrait UIInterfaceOrientationPortraitUpsideDown UIInterfaceOrientationLandscapeLeft UIInterfaceOrientationLandscapeRight";
				INFOPLIST_KEY_UISupportedInterfaceOrientations_iPhone = "UIInterfaceOrientationPortrait UIInterfaceOrientationLandscapeLeft UIInterfaceOrientationLandscapeRight";
				LD_RUNPATH_SEARCH_PATHS = (
					"$(inherited)",
					"@executable_path/Frameworks",
				);
				MARKETING_VERSION = 1.0;
				PRODUCT_BUNDLE_IDENTIFIER = sd.testRB;
				PRODUCT_NAME = "$(TARGET_NAME)";
				SWIFT_EMIT_LOC_STRINGS = YES;
				SWIFT_VERSION = 5.0;
				TARGETED_DEVICE_FAMILY = "1,2";
			};
			name = Release;
		};
/* End XCBuildConfiguration section */

/* Begin XCConfigurationList section */
		18195BF0283F80E1002E6937 /* Build configuration list for PBXProject "testRB" */ = {
			isa = XCConfigurationList;
			buildConfigurations = (
				18195C0A283F80E3002E6937 /* Debug */,
				18195C0B283F80E3002E6937 /* Release */,
			);
			defaultConfigurationIsVisible = 0;
			defaultConfigurationName = Release;
		};
		18195C0C283F80E3002E6937 /* Build configuration list for PBXNativeTarget "testRB" */ = {
			isa = XCConfigurationList;
			buildConfigurations = (
				18195C0D283F80E3002E6937 /* Debug */,
				18195C0E283F80E3002E6937 /* Release */,
			);
			defaultConfigurationIsVisible = 0;
			defaultConfigurationName = Release;
		};
/* End XCConfigurationList section */

/* Begin XCVersionGroup section */
		18195C01283F80E1002E6937 /* testRB.xcdatamodeld */ = {
			isa = XCVersionGroup;
			children = (
				18195C02283F80E1002E6937 /* testRB.xcdatamodel */,
			);
			currentVersion = 18195C02283F80E1002E6937 /* testRB.xcdatamodel */;
			path = testRB.xcdatamodeld;
			sourceTree = "<group>";
			versionGroupType = wrapper.xcdatamodel;
		};
/* End XCVersionGroup section */
	};
	rootObject = 18195BED283F80E1002E6937 /* Project object */;
}
